
Microsoft Visual Studio Solution File, Format Version 12.00
# Visual Studio Version 16
VisualStudioVersion = 16.0.30517.126
MinimumVisualStudioVersion = 10.0.40219.1
Project("{FAE04EC0-301F-11D3-BF4B-00C04F79EFBC}") = "GitAppDemo", "GitAppDemo\GitAppDemo.csproj", "{709D56D7-5801-4F4C-B49B-8B43151BDB8B}"
EndProject
Global
	GlobalSection(SolutionConfigurationPlatforms) = preSolution
		Debug|Any CPU = Debug|Any CPU
		Release|Any CPU = Release|Any CPU
	EndGlobalSection
	GlobalSection(ProjectConfigurationPlatforms) = postSolution
		{709D56D7-5801-4F4C-B49B-8B43151BDB8B}.Debug|Any CPU.ActiveCfg = Debug|Any CPU
		{709D56D7-5801-4F4C-B49B-8B43151BDB8B}.Debug|Any CPU.Build.0 = Debug|Any CPU
		{709D56D7-5801-4F4C-B49B-8B43151BDB8B}.Release|Any CPU.ActiveCfg = Release|Any CPU
		{709D56D7-5801-4F4C-B49B-8B43151BDB8B}.Release|Any CPU.Build.0 = Release|Any CPU
	EndGlobalSection
	GlobalSection(SolutionProperties) = preSolution
		HideSolutionNode = FALSE
	EndGlobalSection
	GlobalSection(ExtensibilityGlobals) = postSolution
		SolutionGuid = {231E57F6-4970-45AF-9284-95E921029350}
	EndGlobalSection
EndGlobal
